
Microsoft Visual Studio Solution File, Format Version 12.00
Project("{FAE04EC0-301F-11D3-BF4B-00C04F79EFBC}") = "lib-destiny", " lib-destiny\lib-destiny.csproj", "{0C79D1EA-931B-4D09-8D03-3A666A8C448D}"
EndProject
Project("{FAE04EC0-301F-11D3-BF4B-00C04F79EFBC}") = "lib-destiny-tests", "lib-destiny-tests\lib-destiny-tests.csproj", "{D8029CA3-2135-41A6-82CA-FEF7626A03EF}"
EndProject
Project("{FAE04EC0-301F-11D3-BF4B-00C04F79EFBC}") = "Rasputin", "Rasputin\Rasputin.csproj", "{1C2A5B2B-ADA6-4629-AB48-3716962D4038}"
EndProject
Project("{FAE04EC0-301F-11D3-BF4B-00C04F79EFBC}") = "Rasputin-Database", "Rasputin-Database\Rasputin-Database.csproj", "{AFB9BDA0-5975-4F3A-A7CC-59889981D969}"
EndProject
Project("{FAE04EC0-301F-11D3-BF4B-00C04F79EFBC}") = "Rasputin-Server", "Rasputin-Server\Rasputin-Server.csproj", "{8F29821B-0F1A-4726-A548-2B05FAF1EB82}"
EndProject
Project("{FAE04EC0-301F-11D3-BF4B-00C04F79EFBC}") = "Rasputin-MessageQueue", "Rasputin-MessageQueue\Rasputin-MessageQueue.csproj", "{06689887-E0DA-41F4-AF8E-C9A3952F10D1}"
EndProject
Project("{FAE04EC0-301F-11D3-BF4B-00C04F79EFBC}") = "Rasputin-MessageQueue-Tests", "Rasputin-MessageQueue-Tests\Rasputin-MessageQueue-Tests.csproj", "{2CC5E2C6-B973-4CB4-92E4-CEC54D3B93C3}"
EndProject
Global
	GlobalSection(SolutionConfigurationPlatforms) = preSolution
		Debug|Any CPU = Debug|Any CPU
		Release|Any CPU = Release|Any CPU
	EndGlobalSection
	GlobalSection(ProjectConfigurationPlatforms) = postSolution
		{0C79D1EA-931B-4D09-8D03-3A666A8C448D}.Debug|Any CPU.ActiveCfg = Debug|Any CPU
		{0C79D1EA-931B-4D09-8D03-3A666A8C448D}.Debug|Any CPU.Build.0 = Debug|Any CPU
		{0C79D1EA-931B-4D09-8D03-3A666A8C448D}.Release|Any CPU.ActiveCfg = Release|Any CPU
		{0C79D1EA-931B-4D09-8D03-3A666A8C448D}.Release|Any CPU.Build.0 = Release|Any CPU
		{D8029CA3-2135-41A6-82CA-FEF7626A03EF}.Debug|Any CPU.ActiveCfg = Debug|Any CPU
		{D8029CA3-2135-41A6-82CA-FEF7626A03EF}.Debug|Any CPU.Build.0 = Debug|Any CPU
		{D8029CA3-2135-41A6-82CA-FEF7626A03EF}.Release|Any CPU.ActiveCfg = Release|Any CPU
		{D8029CA3-2135-41A6-82CA-FEF7626A03EF}.Release|Any CPU.Build.0 = Release|Any CPU
		{1C2A5B2B-ADA6-4629-AB48-3716962D4038}.Debug|Any CPU.ActiveCfg = Debug|Any CPU
		{1C2A5B2B-ADA6-4629-AB48-3716962D4038}.Debug|Any CPU.Build.0 = Debug|Any CPU
		{1C2A5B2B-ADA6-4629-AB48-3716962D4038}.Release|Any CPU.ActiveCfg = Release|Any CPU
		{1C2A5B2B-ADA6-4629-AB48-3716962D4038}.Release|Any CPU.Build.0 = Release|Any CPU
		{AFB9BDA0-5975-4F3A-A7CC-59889981D969}.Debug|Any CPU.ActiveCfg = Debug|Any CPU
		{AFB9BDA0-5975-4F3A-A7CC-59889981D969}.Debug|Any CPU.Build.0 = Debug|Any CPU
		{AFB9BDA0-5975-4F3A-A7CC-59889981D969}.Release|Any CPU.ActiveCfg = Release|Any CPU
		{AFB9BDA0-5975-4F3A-A7CC-59889981D969}.Release|Any CPU.Build.0 = Release|Any CPU
		{8F29821B-0F1A-4726-A548-2B05FAF1EB82}.Debug|Any CPU.ActiveCfg = Debug|Any CPU
		{8F29821B-0F1A-4726-A548-2B05FAF1EB82}.Debug|Any CPU.Build.0 = Debug|Any CPU
		{8F29821B-0F1A-4726-A548-2B05FAF1EB82}.Release|Any CPU.ActiveCfg = Release|Any CPU
		{8F29821B-0F1A-4726-A548-2B05FAF1EB82}.Release|Any CPU.Build.0 = Release|Any CPU
		{06689887-E0DA-41F4-AF8E-C9A3952F10D1}.Debug|Any CPU.ActiveCfg = Debug|Any CPU
		{06689887-E0DA-41F4-AF8E-C9A3952F10D1}.Debug|Any CPU.Build.0 = Debug|Any CPU
		{06689887-E0DA-41F4-AF8E-C9A3952F10D1}.Release|Any CPU.ActiveCfg = Release|Any CPU
		{06689887-E0DA-41F4-AF8E-C9A3952F10D1}.Release|Any CPU.Build.0 = Release|Any CPU
		{2CC5E2C6-B973-4CB4-92E4-CEC54D3B93C3}.Debug|Any CPU.ActiveCfg = Debug|Any CPU
		{2CC5E2C6-B973-4CB4-92E4-CEC54D3B93C3}.Debug|Any CPU.Build.0 = Debug|Any CPU
		{2CC5E2C6-B973-4CB4-92E4-CEC54D3B93C3}.Release|Any CPU.ActiveCfg = Release|Any CPU
		{2CC5E2C6-B973-4CB4-92E4-CEC54D3B93C3}.Release|Any CPU.Build.0 = Release|Any CPU
	EndGlobalSection
EndGlobal
